// !$*UTF8*$!
{
	archiveVersion = 1;
	classes = {
	};
	objectVersion = 55;
	objects = {

/* Begin PBXBuildFile section */
		4664ACCF273FD26D00A2D09A /* AppDelegate.swift in Sources */ = {isa = PBXBuildFile; fileRef = 4664ACCE273FD26D00A2D09A /* AppDelegate.swift */; };
		4664ACD1273FD26D00A2D09A /* SceneDelegate.swift in Sources */ = {isa = PBXBuildFile; fileRef = 4664ACD0273FD26D00A2D09A /* SceneDelegate.swift */; };
		4664ACD8273FD26F00A2D09A /* Assets.xcassets in Resources */ = {isa = PBXBuildFile; fileRef = 4664ACD7273FD26F00A2D09A /* Assets.xcassets */; };
		4664ACDB273FD26F00A2D09A /* LaunchScreen.storyboard in Resources */ = {isa = PBXBuildFile; fileRef = 4664ACD9273FD26F00A2D09A /* LaunchScreen.storyboard */; };
		4664ACEF273FD87E00A2D09A /* AppFlow.swift in Sources */ = {isa = PBXBuildFile; fileRef = 4664ACEE273FD87E00A2D09A /* AppFlow.swift */; };
		4664ACF2273FD89D00A2D09A /* HanStep.swift in Sources */ = {isa = PBXBuildFile; fileRef = 4664ACF1273FD89D00A2D09A /* HanStep.swift */; };
		4664ACF6273FD96600A2D09A /* MainFlow.swift in Sources */ = {isa = PBXBuildFile; fileRef = 4664ACF5273FD96600A2D09A /* MainFlow.swift */; };
		4664ACFD273FDA4300A2D09A /* StepExt.swift in Sources */ = {isa = PBXBuildFile; fileRef = 4664ACFC273FDA4300A2D09A /* StepExt.swift */; };
		4664ACFF273FDD3700A2D09A /* MainReactor.swift in Sources */ = {isa = PBXBuildFile; fileRef = 4664ACFE273FDD3700A2D09A /* MainReactor.swift */; };
		4664AD03273FDFA700A2D09A /* MainVC.swift in Sources */ = {isa = PBXBuildFile; fileRef = 4664AD02273FDFA700A2D09A /* MainVC.swift */; };
		4664AD06273FDFB300A2D09A /* baseVC.swift in Sources */ = {isa = PBXBuildFile; fileRef = 4664AD05273FDFB300A2D09A /* baseVC.swift */; };
		4664AD09273FE56F00A2D09A /* ImageExt.swift in Sources */ = {isa = PBXBuildFile; fileRef = 4664AD08273FE56F00A2D09A /* ImageExt.swift */; };
		4664AD0C273FE78D00A2D09A /* DynamicFontExt.swift in Sources */ = {isa = PBXBuildFile; fileRef = 4664AD0B273FE78D00A2D09A /* DynamicFontExt.swift */; };
		4664AD0F273FE8AE00A2D09A /* HanAPI.swift in Sources */ = {isa = PBXBuildFile; fileRef = 4664AD0E273FE8AE00A2D09A /* HanAPI.swift */; };
		4664AD12273FE9A300A2D09A /* Temp.swift in Sources */ = {isa = PBXBuildFile; fileRef = 4664AD11273FE9A300A2D09A /* Temp.swift */; };
		4664AD14273FE9EF00A2D09A /* NetworkManager.swift in Sources */ = {isa = PBXBuildFile; fileRef = 4664AD13273FE9EF00A2D09A /* NetworkManager.swift */; };
		4664AD16273FEB4900A2D09A /* AppleSDGothic-light.otf in Resources */ = {isa = PBXBuildFile; fileRef = 4664AD15273FEB4300A2D09A /* AppleSDGothic-light.otf */; };
		4664AD17273FEB4C00A2D09A /* AppleSDGothic-heavy.otf in Resources */ = {isa = PBXBuildFile; fileRef = 4664ACE7273FD80100A2D09A /* AppleSDGothic-heavy.otf */; };
		467B9815273FF51D004DFCD3 /* LocationReactor.swift in Sources */ = {isa = PBXBuildFile; fileRef = 467B9814273FF51D004DFCD3 /* LocationReactor.swift */; };
		467B9817273FF5A5004DFCD3 /* LocationFlow.swift in Sources */ = {isa = PBXBuildFile; fileRef = 467B9816273FF5A5004DFCD3 /* LocationFlow.swift */; };
		467B9819273FF5C7004DFCD3 /* LocationVC.swift in Sources */ = {isa = PBXBuildFile; fileRef = 467B9818273FF5C7004DFCD3 /* LocationVC.swift */; };
		6FEC02C67840C5B779A45D41 /* Pods_Test.framework in Frameworks */ = {isa = PBXBuildFile; fileRef = 707E725382A01E1A8A3EA12F /* Pods_Test.framework */; };
/* End PBXBuildFile section */

/* Begin PBXFileReference section */
		132885C22AE28B6FCF5EBF14 /* Pods-Test.debug.xcconfig */ = {isa = PBXFileReference; includeInIndex = 1; lastKnownFileType = text.xcconfig; name = "Pods-Test.debug.xcconfig"; path = "Target Support Files/Pods-Test/Pods-Test.debug.xcconfig"; sourceTree = "<group>"; };
		4664ACCB273FD26D00A2D09A /* Test.app */ = {isa = PBXFileReference; explicitFileType = wrapper.application; includeInIndex = 0; path = Test.app; sourceTree = BUILT_PRODUCTS_DIR; };
		4664ACCE273FD26D00A2D09A /* AppDelegate.swift */ = {isa = PBXFileReference; lastKnownFileType = sourcecode.swift; path = AppDelegate.swift; sourceTree = "<group>"; };
		4664ACD0273FD26D00A2D09A /* SceneDelegate.swift */ = {isa = PBXFileReference; lastKnownFileType = sourcecode.swift; path = SceneDelegate.swift; sourceTree = "<group>"; };
		4664ACD7273FD26F00A2D09A /* Assets.xcassets */ = {isa = PBXFileReference; lastKnownFileType = folder.assetcatalog; path = Assets.xcassets; sourceTree = "<group>"; };
		4664ACDA273FD26F00A2D09A /* Base */ = {isa = PBXFileReference; lastKnownFileType = file.storyboard; name = Base; path = Base.lproj/LaunchScreen.storyboard; sourceTree = "<group>"; };
		4664ACDC273FD26F00A2D09A /* Info.plist */ = {isa = PBXFileReference; lastKnownFileType = text.plist.xml; name = Info.plist; path = Test/Support/Info.plist; sourceTree = SOURCE_ROOT; };
		4664ACE7273FD80100A2D09A /* AppleSDGothic-heavy.otf */ = {isa = PBXFileReference; lastKnownFileType = file; path = "AppleSDGothic-heavy.otf"; sourceTree = "<group>"; };
		4664ACEE273FD87E00A2D09A /* AppFlow.swift */ = {isa = PBXFileReference; lastKnownFileType = sourcecode.swift; path = AppFlow.swift; sourceTree = "<group>"; };
		4664ACF1273FD89D00A2D09A /* HanStep.swift */ = {isa = PBXFileReference; lastKnownFileType = sourcecode.swift; path = HanStep.swift; sourceTree = "<group>"; };
		4664ACF5273FD96600A2D09A /* MainFlow.swift */ = {isa = PBXFileReference; lastKnownFileType = sourcecode.swift; path = MainFlow.swift; sourceTree = "<group>"; };
		4664ACFC273FDA4300A2D09A /* StepExt.swift */ = {isa = PBXFileReference; lastKnownFileType = sourcecode.swift; path = StepExt.swift; sourceTree = "<group>"; };
		4664ACFE273FDD3700A2D09A /* MainReactor.swift */ = {isa = PBXFileReference; lastKnownFileType = sourcecode.swift; path = MainReactor.swift; sourceTree = "<group>"; };
		4664AD02273FDFA700A2D09A /* MainVC.swift */ = {isa = PBXFileReference; lastKnownFileType = sourcecode.swift; path = MainVC.swift; sourceTree = "<group>"; };
		4664AD05273FDFB300A2D09A /* baseVC.swift */ = {isa = PBXFileReference; lastKnownFileType = sourcecode.swift; path = baseVC.swift; sourceTree = "<group>"; };
		4664AD08273FE56F00A2D09A /* ImageExt.swift */ = {isa = PBXFileReference; lastKnownFileType = sourcecode.swift; path = ImageExt.swift; sourceTree = "<group>"; };
		4664AD0B273FE78D00A2D09A /* DynamicFontExt.swift */ = {isa = PBXFileReference; lastKnownFileType = sourcecode.swift; path = DynamicFontExt.swift; sourceTree = "<group>"; };
		4664AD0E273FE8AE00A2D09A /* HanAPI.swift */ = {isa = PBXFileReference; lastKnownFileType = sourcecode.swift; path = HanAPI.swift; sourceTree = "<group>"; };
		4664AD11273FE9A300A2D09A /* Temp.swift */ = {isa = PBXFileReference; lastKnownFileType = sourcecode.swift; path = Temp.swift; sourceTree = "<group>"; };
		4664AD13273FE9EF00A2D09A /* NetworkManager.swift */ = {isa = PBXFileReference; lastKnownFileType = sourcecode.swift; path = NetworkManager.swift; sourceTree = "<group>"; };
		4664AD15273FEB4300A2D09A /* AppleSDGothic-light.otf */ = {isa = PBXFileReference; lastKnownFileType = file; path = "AppleSDGothic-light.otf"; sourceTree = "<group>"; };
		467B9814273FF51D004DFCD3 /* LocationReactor.swift */ = {isa = PBXFileReference; lastKnownFileType = sourcecode.swift; path = LocationReactor.swift; sourceTree = "<group>"; };
		467B9816273FF5A5004DFCD3 /* LocationFlow.swift */ = {isa = PBXFileReference; lastKnownFileType = sourcecode.swift; path = LocationFlow.swift; sourceTree = "<group>"; };
		467B9818273FF5C7004DFCD3 /* LocationVC.swift */ = {isa = PBXFileReference; lastKnownFileType = sourcecode.swift; path = LocationVC.swift; sourceTree = "<group>"; };
		707E725382A01E1A8A3EA12F /* Pods_Test.framework */ = {isa = PBXFileReference; explicitFileType = wrapper.framework; includeInIndex = 0; path = Pods_Test.framework; sourceTree = BUILT_PRODUCTS_DIR; };
		8EA03AE42DF4E2963D00D3BA /* Pods-Test.release.xcconfig */ = {isa = PBXFileReference; includeInIndex = 1; lastKnownFileType = text.xcconfig; name = "Pods-Test.release.xcconfig"; path = "Target Support Files/Pods-Test/Pods-Test.release.xcconfig"; sourceTree = "<group>"; };
/* End PBXFileReference section */

/* Begin PBXFrameworksBuildPhase section */
		4664ACC8273FD26D00A2D09A /* Frameworks */ = {
			isa = PBXFrameworksBuildPhase;
			buildActionMask = 2147483647;
			files = (
				6FEC02C67840C5B779A45D41 /* Pods_Test.framework in Frameworks */,
			);
			runOnlyForDeploymentPostprocessing = 0;
		};
/* End PBXFrameworksBuildPhase section */

/* Begin PBXGroup section */
		20BFF92C7F6275B84E72D5E2 /* Frameworks */ = {
			isa = PBXGroup;
			children = (
				707E725382A01E1A8A3EA12F /* Pods_Test.framework */,
			);
			name = Frameworks;
			sourceTree = "<group>";
		};
		4664ACC2273FD26D00A2D09A = {
			isa = PBXGroup;
			children = (
				4664ACCD273FD26D00A2D09A /* Test */,
				4664ACCC273FD26D00A2D09A /* Products */,
				A497BA4BF2DA84623714B634 /* Pods */,
				20BFF92C7F6275B84E72D5E2 /* Frameworks */,
			);
			sourceTree = "<group>";
		};
		4664ACCC273FD26D00A2D09A /* Products */ = {
			isa = PBXGroup;
			children = (
				4664ACCB273FD26D00A2D09A /* Test.app */,
			);
			name = Products;
			sourceTree = "<group>";
		};
		4664ACCD273FD26D00A2D09A /* Test */ = {
			isa = PBXGroup;
			children = (
				4664ACEC273FD86A00A2D09A /* App */,
				4664ACEA273FD84000A2D09A /* Support */,
				4664ACE9273FD83100A2D09A /* Resource */,
				4664ACE8273FD82E00A2D09A /* Source */,
				4664ACE2273FD5FB00A2D09A /* Fonts */,
			);
			path = Test;
			sourceTree = "<group>";
		};
		4664ACE2273FD5FB00A2D09A /* Fonts */ = {
			isa = PBXGroup;
			children = (
				4664AD15273FEB4300A2D09A /* AppleSDGothic-light.otf */,
				4664ACE7273FD80100A2D09A /* AppleSDGothic-heavy.otf */,
			);
			path = Fonts;
			sourceTree = "<group>";
		};
		4664ACE8273FD82E00A2D09A /* Source */ = {
			isa = PBXGroup;
			children = (
				4664AD0D273FE89B00A2D09A /* Network */,
				4664ACF9273FDA2C00A2D09A /* Common */,
				4664ACED273FD87500A2D09A /* Flows */,
				4664ACEB273FD86500A2D09A /* Scene */,
				4664AD04273FDFAB00A2D09A /* Base */,
			);
			path = Source;
			sourceTree = "<group>";
		};
		4664ACE9273FD83100A2D09A /* Resource */ = {
			isa = PBXGroup;
			children = (
				4664ACD7273FD26F00A2D09A /* Assets.xcassets */,
				4664ACD9273FD26F00A2D09A /* LaunchScreen.storyboard */,
			);
			path = Resource;
			sourceTree = "<group>";
		};
		4664ACEA273FD84000A2D09A /* Support */ = {
			isa = PBXGroup;
			children = (
				4664ACDC273FD26F00A2D09A /* Info.plist */,
			);
			path = Support;
			sourceTree = "<group>";
		};
		4664ACEB273FD86500A2D09A /* Scene */ = {
			isa = PBXGroup;
			children = (
				4664ACF3273FD94200A2D09A /* Main */,
				467B9811273FF42B004DFCD3 /* Location */,
			);
			path = Scene;
			sourceTree = "<group>";
		};
		4664ACEC273FD86A00A2D09A /* App */ = {
			isa = PBXGroup;
			children = (
				4664ACCE273FD26D00A2D09A /* AppDelegate.swift */,
				4664ACD0273FD26D00A2D09A /* SceneDelegate.swift */,
			);
			path = App;
			sourceTree = "<group>";
		};
		4664ACED273FD87500A2D09A /* Flows */ = {
			isa = PBXGroup;
			children = (
				4664ACEE273FD87E00A2D09A /* AppFlow.swift */,
				4664ACF0273FD88100A2D09A /* Step */,
				4664ACF4273FD95200A2D09A /* Flow */,
			);
			path = Flows;
			sourceTree = "<group>";
		};
		4664ACF0273FD88100A2D09A /* Step */ = {
			isa = PBXGroup;
			children = (
				4664ACF1273FD89D00A2D09A /* HanStep.swift */,
			);
			path = Step;
			sourceTree = "<group>";
		};
		4664ACF3273FD94200A2D09A /* Main */ = {
			isa = PBXGroup;
			children = (
				4664AD02273FDFA700A2D09A /* MainVC.swift */,
				4664ACFE273FDD3700A2D09A /* MainReactor.swift */,
			);
			path = Main;
			sourceTree = "<group>";
		};
		4664ACF4273FD95200A2D09A /* Flow */ = {
			isa = PBXGroup;
			children = (
				4664ACF5273FD96600A2D09A /* MainFlow.swift */,
				467B9816273FF5A5004DFCD3 /* LocationFlow.swift */,
			);
			path = Flow;
			sourceTree = "<group>";
		};
		4664ACF9273FDA2C00A2D09A /* Common */ = {
			isa = PBXGroup;
			children = (
				4664AD10273FE98800A2D09A /* Model */,
				4664ACFA273FDA2F00A2D09A /* Extensions */,
			);
			path = Common;
			sourceTree = "<group>";
		};
		4664ACFA273FDA2F00A2D09A /* Extensions */ = {
			isa = PBXGroup;
			children = (
				4664AD07273FE56800A2D09A /* UIKit */,
				4664ACFB273FDA3600A2D09A /* Rx */,
			);
			path = Extensions;
			sourceTree = "<group>";
		};
		4664ACFB273FDA3600A2D09A /* Rx */ = {
			isa = PBXGroup;
			children = (
				4664ACFC273FDA4300A2D09A /* StepExt.swift */,
			);
			path = Rx;
			sourceTree = "<group>";
		};
		4664AD04273FDFAB00A2D09A /* Base */ = {
			isa = PBXGroup;
			children = (
				4664AD05273FDFB300A2D09A /* baseVC.swift */,
			);
			path = Base;
			sourceTree = "<group>";
		};
		4664AD07273FE56800A2D09A /* UIKit */ = {
			isa = PBXGroup;
			children = (
				4664AD08273FE56F00A2D09A /* ImageExt.swift */,
				4664AD0B273FE78D00A2D09A /* DynamicFontExt.swift */,
			);
			path = UIKit;
			sourceTree = "<group>";
		};
		4664AD0D273FE89B00A2D09A /* Network */ = {
			isa = PBXGroup;
			children = (
				4664AD0E273FE8AE00A2D09A /* HanAPI.swift */,
				4664AD13273FE9EF00A2D09A /* NetworkManager.swift */,
			);
			path = Network;
			sourceTree = "<group>";
		};
		4664AD10273FE98800A2D09A /* Model */ = {
			isa = PBXGroup;
			children = (
				4664AD11273FE9A300A2D09A /* Temp.swift */,
			);
			path = Model;
			sourceTree = "<group>";
		};
		467B9811273FF42B004DFCD3 /* Location */ = {
			isa = PBXGroup;
			children = (
				467B9818273FF5C7004DFCD3 /* LocationVC.swift */,
				467B9814273FF51D004DFCD3 /* LocationReactor.swift */,
			);
			path = Location;
			sourceTree = "<group>";
		};
		A497BA4BF2DA84623714B634 /* Pods */ = {
			isa = PBXGroup;
			children = (
				132885C22AE28B6FCF5EBF14 /* Pods-Test.debug.xcconfig */,
				8EA03AE42DF4E2963D00D3BA /* Pods-Test.release.xcconfig */,
			);
			path = Pods;
			sourceTree = "<group>";
		};
/* End PBXGroup section */

/* Begin PBXNativeTarget section */
		4664ACCA273FD26D00A2D09A /* Test */ = {
			isa = PBXNativeTarget;
			buildConfigurationList = 4664ACDF273FD26F00A2D09A /* Build configuration list for PBXNativeTarget "Test" */;
			buildPhases = (
				79A638E72ECA471C5CB2583D /* [CP] Check Pods Manifest.lock */,
				4664ACC7273FD26D00A2D09A /* Sources */,
				4664ACC8273FD26D00A2D09A /* Frameworks */,
				4664ACC9273FD26D00A2D09A /* Resources */,
				FBFDB0E4F41F9F3F5C63A087 /* [CP] Embed Pods Frameworks */,
				F686CB5DC480A9487E0C4A7E /* [CP] Copy Pods Resources */,
			);
			buildRules = (
			);
			dependencies = (
			);
			name = Test;
			productName = Test;
			productReference = 4664ACCB273FD26D00A2D09A /* Test.app */;
			productType = "com.apple.product-type.application";
		};
/* End PBXNativeTarget section */

/* Begin PBXProject section */
		4664ACC3273FD26D00A2D09A /* Project object */ = {
			isa = PBXProject;
			attributes = {
				BuildIndependentTargetsInParallel = 1;
				LastSwiftUpdateCheck = 1310;
				LastUpgradeCheck = 1310;
				TargetAttributes = {
					4664ACCA273FD26D00A2D09A = {
						CreatedOnToolsVersion = 13.1;
					};
				};
			};
			buildConfigurationList = 4664ACC6273FD26D00A2D09A /* Build configuration list for PBXProject "Test" */;
			compatibilityVersion = "Xcode 13.0";
			developmentRegion = en;
			hasScannedForEncodings = 0;
			knownRegions = (
				en,
				Base,
			);
			mainGroup = 4664ACC2273FD26D00A2D09A;
			productRefGroup = 4664ACCC273FD26D00A2D09A /* Products */;
			projectDirPath = "";
			projectRoot = "";
			targets = (
				4664ACCA273FD26D00A2D09A /* Test */,
			);
		};
/* End PBXProject section */

/* Begin PBXResourcesBuildPhase section */
		4664ACC9273FD26D00A2D09A /* Resources */ = {
			isa = PBXResourcesBuildPhase;
			buildActionMask = 2147483647;
			files = (
				4664AD16273FEB4900A2D09A /* AppleSDGothic-light.otf in Resources */,
				4664ACDB273FD26F00A2D09A /* LaunchScreen.storyboard in Resources */,
				4664AD17273FEB4C00A2D09A /* AppleSDGothic-heavy.otf in Resources */,
				4664ACD8273FD26F00A2D09A /* Assets.xcassets in Resources */,
			);
			runOnlyForDeploymentPostprocessing = 0;
		};
/* End PBXResourcesBuildPhase section */

/* Begin PBXShellScriptBuildPhase section */
		79A638E72ECA471C5CB2583D /* [CP] Check Pods Manifest.lock */ = {
			isa = PBXShellScriptBuildPhase;
			buildActionMask = 2147483647;
			files = (
			);
			inputFileListPaths = (
			);
			inputPaths = (
				"${PODS_PODFILE_DIR_PATH}/Podfile.lock",
				"${PODS_ROOT}/Manifest.lock",
			);
			name = "[CP] Check Pods Manifest.lock";
			outputFileListPaths = (
			);
			outputPaths = (
				"$(DERIVED_FILE_DIR)/Pods-Test-checkManifestLockResult.txt",
			);
			runOnlyForDeploymentPostprocessing = 0;
			shellPath = /bin/sh;
			shellScript = "diff \"${PODS_PODFILE_DIR_PATH}/Podfile.lock\" \"${PODS_ROOT}/Manifest.lock\" > /dev/null\nif [ $? != 0 ] ; then\n    # print error to STDERR\n    echo \"error: The sandbox is not in sync with the Podfile.lock. Run 'pod install' or update your CocoaPods installation.\" >&2\n    exit 1\nfi\n# This output is used by Xcode 'outputs' to avoid re-running this script phase.\necho \"SUCCESS\" > \"${SCRIPT_OUTPUT_FILE_0}\"\n";
			showEnvVarsInLog = 0;
		};
		F686CB5DC480A9487E0C4A7E /* [CP] Copy Pods Resources */ = {
			isa = PBXShellScriptBuildPhase;
			buildActionMask = 2147483647;
			files = (
			);
			inputFileListPaths = (
				"${PODS_ROOT}/Target Support Files/Pods-Test/Pods-Test-resources-${CONFIGURATION}-input-files.xcfilelist",
			);
			name = "[CP] Copy Pods Resources";
			outputFileListPaths = (
				"${PODS_ROOT}/Target Support Files/Pods-Test/Pods-Test-resources-${CONFIGURATION}-output-files.xcfilelist",
			);
			runOnlyForDeploymentPostprocessing = 0;
			shellPath = /bin/sh;
			shellScript = "\"${PODS_ROOT}/Target Support Files/Pods-Test/Pods-Test-resources.sh\"\n";
			showEnvVarsInLog = 0;
		};
		FBFDB0E4F41F9F3F5C63A087 /* [CP] Embed Pods Frameworks */ = {
			isa = PBXShellScriptBuildPhase;
			buildActionMask = 2147483647;
			files = (
			);
			inputFileListPaths = (
				"${PODS_ROOT}/Target Support Files/Pods-Test/Pods-Test-frameworks-${CONFIGURATION}-input-files.xcfilelist",
			);
			name = "[CP] Embed Pods Frameworks";
			outputFileListPaths = (
				"${PODS_ROOT}/Target Support Files/Pods-Test/Pods-Test-frameworks-${CONFIGURATION}-output-files.xcfilelist",
			);
			runOnlyForDeploymentPostprocessing = 0;
			shellPath = /bin/sh;
			shellScript = "\"${PODS_ROOT}/Target Support Files/Pods-Test/Pods-Test-frameworks.sh\"\n";
			showEnvVarsInLog = 0;
		};
/* End PBXShellScriptBuildPhase section */

/* Begin PBXSourcesBuildPhase section */
		4664ACC7273FD26D00A2D09A /* Sources */ = {
			isa = PBXSourcesBuildPhase;
			buildActionMask = 2147483647;
			files = (
				4664ACCF273FD26D00A2D09A /* AppDelegate.swift in Sources */,
				4664AD09273FE56F00A2D09A /* ImageExt.swift in Sources */,
				467B9815273FF51D004DFCD3 /* LocationReactor.swift in Sources */,
				4664ACEF273FD87E00A2D09A /* AppFlow.swift in Sources */,
				4664ACFF273FDD3700A2D09A /* MainReactor.swift in Sources */,
				4664ACF6273FD96600A2D09A /* MainFlow.swift in Sources */,
				4664AD03273FDFA700A2D09A /* MainVC.swift in Sources */,
				4664AD06273FDFB300A2D09A /* baseVC.swift in Sources */,
				467B9819273FF5C7004DFCD3 /* LocationVC.swift in Sources */,
				4664ACFD273FDA4300A2D09A /* StepExt.swift in Sources */,
				4664AD0F273FE8AE00A2D09A /* HanAPI.swift in Sources */,
				4664AD0C273FE78D00A2D09A /* DynamicFontExt.swift in Sources */,
				4664AD14273FE9EF00A2D09A /* NetworkManager.swift in Sources */,
				4664AD12273FE9A300A2D09A /* Temp.swift in Sources */,
				4664ACD1273FD26D00A2D09A /* SceneDelegate.swift in Sources */,
				467B9817273FF5A5004DFCD3 /* LocationFlow.swift in Sources */,
				4664ACF2273FD89D00A2D09A /* HanStep.swift in Sources */,
			);
			runOnlyForDeploymentPostprocessing = 0;
		};
/* End PBXSourcesBuildPhase section */

/* Begin PBXVariantGroup section */
		4664ACD9273FD26F00A2D09A /* LaunchScreen.storyboard */ = {
			isa = PBXVariantGroup;
			children = (
				4664ACDA273FD26F00A2D09A /* Base */,
			);
			name = LaunchScreen.storyboard;
			sourceTree = "<group>";
		};
/* End PBXVariantGroup section */

/* Begin XCBuildConfiguration section */
		4664ACDD273FD26F00A2D09A /* Debug */ = {
			isa = XCBuildConfiguration;
			buildSettings = {
				ALWAYS_SEARCH_USER_PATHS = NO;
				CLANG_ANALYZER_NONNULL = YES;
				CLANG_ANALYZER_NUMBER_OBJECT_CONVERSION = YES_AGGRESSIVE;
				CLANG_CXX_LANGUAGE_STANDARD = "gnu++17";
				CLANG_CXX_LIBRARY = "libc++";
				CLANG_ENABLE_MODULES = YES;
				CLANG_ENABLE_OBJC_ARC = YES;
				CLANG_ENABLE_OBJC_WEAK = YES;
				CLANG_WARN_BLOCK_CAPTURE_AUTORELEASING = YES;
				CLANG_WARN_BOOL_CONVERSION = YES;
				CLANG_WARN_COMMA = YES;
				CLANG_WARN_CONSTANT_CONVERSION = YES;
				CLANG_WARN_DEPRECATED_OBJC_IMPLEMENTATIONS = YES;
				CLANG_WARN_DIRECT_OBJC_ISA_USAGE = YES_ERROR;
				CLANG_WARN_DOCUMENTATION_COMMENTS = YES;
				CLANG_WARN_EMPTY_BODY = YES;
				CLANG_WARN_ENUM_CONVERSION = YES;
				CLANG_WARN_INFINITE_RECURSION = YES;
				CLANG_WARN_INT_CONVERSION = YES;
				CLANG_WARN_NON_LITERAL_NULL_CONVERSION = YES;
				CLANG_WARN_OBJC_IMPLICIT_RETAIN_SELF = YES;
				CLANG_WARN_OBJC_LITERAL_CONVERSION = YES;
				CLANG_WARN_OBJC_ROOT_CLASS = YES_ERROR;
				CLANG_WARN_QUOTED_INCLUDE_IN_FRAMEWORK_HEADER = YES;
				CLANG_WARN_RANGE_LOOP_ANALYSIS = YES;
				CLANG_WARN_STRICT_PROTOTYPES = YES;
				CLANG_WARN_SUSPICIOUS_MOVE = YES;
				CLANG_WARN_UNGUARDED_AVAILABILITY = YES_AGGRESSIVE;
				CLANG_WARN_UNREACHABLE_CODE = YES;
				CLANG_WARN__DUPLICATE_METHOD_MATCH = YES;
				COPY_PHASE_STRIP = NO;
				DEBUG_INFORMATION_FORMAT = dwarf;
				ENABLE_STRICT_OBJC_MSGSEND = YES;
				ENABLE_TESTABILITY = YES;
				GCC_C_LANGUAGE_STANDARD = gnu11;
				GCC_DYNAMIC_NO_PIC = NO;
				GCC_NO_COMMON_BLOCKS = YES;
				GCC_OPTIMIZATION_LEVEL = 0;
				GCC_PREPROCESSOR_DEFINITIONS = (
					"DEBUG=1",
					"$(inherited)",
				);
				GCC_WARN_64_TO_32_BIT_CONVERSION = YES;
				GCC_WARN_ABOUT_RETURN_TYPE = YES_ERROR;
				GCC_WARN_UNDECLARED_SELECTOR = YES;
				GCC_WARN_UNINITIALIZED_AUTOS = YES_AGGRESSIVE;
				GCC_WARN_UNUSED_FUNCTION = YES;
				GCC_WARN_UNUSED_VARIABLE = YES;
				IPHONEOS_DEPLOYMENT_TARGET = 15.0;
				MTL_ENABLE_DEBUG_INFO = INCLUDE_SOURCE;
				MTL_FAST_MATH = YES;
				ONLY_ACTIVE_ARCH = YES;
				SDKROOT = iphoneos;
				SWIFT_ACTIVE_COMPILATION_CONDITIONS = DEBUG;
				SWIFT_OPTIMIZATION_LEVEL = "-Onone";
			};
			name = Debug;
		};
		4664ACDE273FD26F00A2D09A /* Release */ = {
			isa = XCBuildConfiguration;
			buildSettings = {
				ALWAYS_SEARCH_USER_PATHS = NO;
				CLANG_ANALYZER_NONNULL = YES;
				CLANG_ANALYZER_NUMBER_OBJECT_CONVERSION = YES_AGGRESSIVE;
				CLANG_CXX_LANGUAGE_STANDARD = "gnu++17";
				CLANG_CXX_LIBRARY = "libc++";
				CLANG_ENABLE_MODULES = YES;
				CLANG_ENABLE_OBJC_ARC = YES;
				CLANG_ENABLE_OBJC_WEAK = YES;
				CLANG_WARN_BLOCK_CAPTURE_AUTORELEASING = YES;
				CLANG_WARN_BOOL_CONVERSION = YES;
				CLANG_WARN_COMMA = YES;
				CLANG_WARN_CONSTANT_CONVERSION = YES;
				CLANG_WARN_DEPRECATED_OBJC_IMPLEMENTATIONS = YES;
				CLANG_WARN_DIRECT_OBJC_ISA_USAGE = YES_ERROR;
				CLANG_WARN_DOCUMENTATION_COMMENTS = YES;
				CLANG_WARN_EMPTY_BODY = YES;
				CLANG_WARN_ENUM_CONVERSION = YES;
				CLANG_WARN_INFINITE_RECURSION = YES;
				CLANG_WARN_INT_CONVERSION = YES;
				CLANG_WARN_NON_LITERAL_NULL_CONVERSION = YES;
				CLANG_WARN_OBJC_IMPLICIT_RETAIN_SELF = YES;
				CLANG_WARN_OBJC_LITERAL_CONVERSION = YES;
				CLANG_WARN_OBJC_ROOT_CLASS = YES_ERROR;
				CLANG_WARN_QUOTED_INCLUDE_IN_FRAMEWORK_HEADER = YES;
				CLANG_WARN_RANGE_LOOP_ANALYSIS = YES;
				CLANG_WARN_STRICT_PROTOTYPES = YES;
				CLANG_WARN_SUSPICIOUS_MOVE = YES;
				CLANG_WARN_UNGUARDED_AVAILABILITY = YES_AGGRESSIVE;
				CLANG_WARN_UNREACHABLE_CODE = YES;
				CLANG_WARN__DUPLICATE_METHOD_MATCH = YES;
				COPY_PHASE_STRIP = NO;
				DEBUG_INFORMATION_FORMAT = "dwarf-with-dsym";
				ENABLE_NS_ASSERTIONS = NO;
				ENABLE_STRICT_OBJC_MSGSEND = YES;
				GCC_C_LANGUAGE_STANDARD = gnu11;
				GCC_NO_COMMON_BLOCKS = YES;
				GCC_WARN_64_TO_32_BIT_CONVERSION = YES;
				GCC_WARN_ABOUT_RETURN_TYPE = YES_ERROR;
				GCC_WARN_UNDECLARED_SELECTOR = YES;
				GCC_WARN_UNINITIALIZED_AUTOS = YES_AGGRESSIVE;
				GCC_WARN_UNUSED_FUNCTION = YES;
				GCC_WARN_UNUSED_VARIABLE = YES;
				IPHONEOS_DEPLOYMENT_TARGET = 15.0;
				MTL_ENABLE_DEBUG_INFO = NO;
				MTL_FAST_MATH = YES;
				SDKROOT = iphoneos;
				SWIFT_COMPILATION_MODE = wholemodule;
				SWIFT_OPTIMIZATION_LEVEL = "-O";
				VALIDATE_PRODUCT = YES;
			};
			name = Release;
		};
		4664ACE0273FD26F00A2D09A /* Debug */ = {
			isa = XCBuildConfiguration;
			baseConfigurationReference = 132885C22AE28B6FCF5EBF14 /* Pods-Test.debug.xcconfig */;
			buildSettings = {
				ASSETCATALOG_COMPILER_APPICON_NAME = AppIcon;
				ASSETCATALOG_COMPILER_GLOBAL_ACCENT_COLOR_NAME = AccentColor;
				CODE_SIGN_STYLE = Automatic;
				CURRENT_PROJECT_VERSION = 1;
				DEVELOPMENT_TEAM = 235C2RVZ7L;
				GENERATE_INFOPLIST_FILE = YES;
				INFOPLIST_FILE = Test/Support/Info.plist;
				INFOPLIST_KEY_UIApplicationSupportsIndirectInputEvents = YES;
				INFOPLIST_KEY_UILaunchStoryboardName = LaunchScreen;
				INFOPLIST_KEY_UISupportedInterfaceOrientations_iPad = "UIInterfaceOrientationPortrait UIInterfaceOrientationPortraitUpsideDown UIInterfaceOrientationLandscapeLeft UIInterfaceOrientationLandscapeRight";
				INFOPLIST_KEY_UISupportedInterfaceOrientations_iPhone = "UIInterfaceOrientationPortrait UIInterfaceOrientationLandscapeLeft UIInterfaceOrientationLandscapeRight";
				LD_RUNPATH_SEARCH_PATHS = (
					"$(inherited)",
					"@executable_path/Frameworks",
				);
				MARKETING_VERSION = 1.0;
				PRODUCT_BUNDLE_IDENTIFIER = com.baekteun.Test;
				PRODUCT_NAME = "$(TARGET_NAME)";
				SWIFT_EMIT_LOC_STRINGS = YES;
				SWIFT_VERSION = 5.0;
				TARGETED_DEVICE_FAMILY = "1,2";
			};
			name = Debug;
		};
		4664ACE1273FD26F00A2D09A /* Release */ = {
			isa = XCBuildConfiguration;
			baseConfigurationReference = 8EA03AE42DF4E2963D00D3BA /* Pods-Test.release.xcconfig */;
			buildSettings = {
				ASSETCATALOG_COMPILER_APPICON_NAME = AppIcon;
				ASSETCATALOG_COMPILER_GLOBAL_ACCENT_COLOR_NAME = AccentColor;
				CODE_SIGN_STYLE = Automatic;
				CURRENT_PROJECT_VERSION = 1;
				DEVELOPMENT_TEAM = 235C2RVZ7L;
				GENERATE_INFOPLIST_FILE = YES;
				INFOPLIST_FILE = Test/Support/Info.plist;
				INFOPLIST_KEY_UIApplicationSupportsIndirectInputEvents = YES;
				INFOPLIST_KEY_UILaunchStoryboardName = LaunchScreen;
				INFOPLIST_KEY_UISupportedInterfaceOrientations_iPad = "UIInterfaceOrientationPortrait UIInterfaceOrientationPortraitUpsideDown UIInterfaceOrientationLandscapeLeft UIInterfaceOrientationLandscapeRight";
				INFOPLIST_KEY_UISupportedInterfaceOrientations_iPhone = "UIInterfaceOrientationPortrait UIInterfaceOrientationLandscapeLeft UIInterfaceOrientationLandscapeRight";
				LD_RUNPATH_SEARCH_PATHS = (
					"$(inherited)",
					"@executable_path/Frameworks",
				);
				MARKETING_VERSION = 1.0;
				PRODUCT_BUNDLE_IDENTIFIER = com.baekteun.Test;
				PRODUCT_NAME = "$(TARGET_NAME)";
				SWIFT_EMIT_LOC_STRINGS = YES;
				SWIFT_VERSION = 5.0;
				TARGETED_DEVICE_FAMILY = "1,2";
			};
			name = Release;
		};
/* End XCBuildConfiguration section */

/* Begin XCConfigurationList section */
		4664ACC6273FD26D00A2D09A /* Build configuration list for PBXProject "Test" */ = {
			isa = XCConfigurationList;
			buildConfigurations = (
				4664ACDD273FD26F00A2D09A /* Debug */,
				4664ACDE273FD26F00A2D09A /* Release */,
			);
			defaultConfigurationIsVisible = 0;
			defaultConfigurationName = Release;
		};
		4664ACDF273FD26F00A2D09A /* Build configuration list for PBXNativeTarget "Test" */ = {
			isa = XCConfigurationList;
			buildConfigurations = (
				4664ACE0273FD26F00A2D09A /* Debug */,
				4664ACE1273FD26F00A2D09A /* Release */,
			);
			defaultConfigurationIsVisible = 0;
			defaultConfigurationName = Release;
		};
/* End XCConfigurationList section */
	};
	rootObject = 4664ACC3273FD26D00A2D09A /* Project object */;
}
